
Microsoft Visual Studio Solution File, Format Version 12.00
# Visual Studio Version 16
VisualStudioVersion = 16.0.34031.81
MinimumVisualStudioVersion = 10.0.40219.1
Project("{2150E333-8FDC-42A3-9474-1A3956D46DE8}") = "Task0", "Task0", "{C3B70DD3-4FCF-43CA-AA88-52A53169E1B9}"
EndProject
Project("{FAE04EC0-301F-11D3-BF4B-00C04F79EFBC}") = "Tyuiu.MolodykhVY.Sprint6.Task0.V6.Test", "Tyuiu.MolodykhVY.Sprint6.Task0.V6.Test\Tyuiu.MolodykhVY.Sprint6.Task0.V6.Test.csproj", "{C1B62693-66A6-4C81-B735-956B21010597}"
EndProject
Project("{FAE04EC0-301F-11D3-BF4B-00C04F79EFBC}") = "Tyuiu.MolodykhVY.Sprint6.Task0.V6.Lib", "Tyuiu.MolodykhVY.Sprint6.Task0.V6.Lib\Tyuiu.MolodykhVY.Sprint6.Task0.V6.Lib.csproj", "{673C4EE0-9C07-46C6-A6F2-176FC833F227}"
EndProject
Project("{FAE04EC0-301F-11D3-BF4B-00C04F79EFBC}") = "Tyuiu.MolodykhVY.Sprint6.Task0.V6", "Tyuiu.MolodykhVY.Sprint6.Task0.V6\Tyuiu.MolodykhVY.Sprint6.Task0.V6.csproj", "{6BB3C542-F0AF-4695-9FEA-3E5A0C9E337C}"
EndProject
Project("{2150E333-8FDC-42A3-9474-1A3956D46DE8}") = "Task1", "Task1", "{7D4EAD26-1717-432C-B333-64F3A3DA8BE8}"
EndProject
Project("{2150E333-8FDC-42A3-9474-1A3956D46DE8}") = "Task2", "Task2", "{0E8340A1-4109-4CEC-8B43-47B13632FCD7}"
EndProject
Project("{2150E333-8FDC-42A3-9474-1A3956D46DE8}") = "Task3", "Task3", "{19666E77-15E8-48AE-A30A-004E4CAD2146}"
EndProject
Project("{FAE04EC0-301F-11D3-BF4B-00C04F79EFBC}") = "Tyuiu.MolodykhVY.Sprint6.Task1.V21", "Tyuiu.MolodykhVY.Sprint6.Task1.V21\Tyuiu.MolodykhVY.Sprint6.Task1.V21.csproj", "{EDA2BDEA-CEB8-4A01-83AC-1007B7CAB587}"
EndProject
Project("{FAE04EC0-301F-11D3-BF4B-00C04F79EFBC}") = "Tyuiu.MolodykhVY.Sprint6.Task1.V21.Lib", "Tyuiu.MolodykhVY.Sprint6.Task1.V21.Lib\Tyuiu.MolodykhVY.Sprint6.Task1.V21.Lib.csproj", "{66ABA6AF-310C-481A-ABF1-E32513BE4F34}"
EndProject
Project("{FAE04EC0-301F-11D3-BF4B-00C04F79EFBC}") = "Tyuiu.MolodykhVY.Sprint6.Task1.V21.Test", "Tyuiu.MolodykhVY.Sprint6.Task1.V21.Test\Tyuiu.MolodykhVY.Sprint6.Task1.V21.Test.csproj", "{AF7D01A6-05CA-434A-949A-D9AB0636DFBA}"
EndProject
Project("{FAE04EC0-301F-11D3-BF4B-00C04F79EFBC}") = "Tyuiu.MolodykhVY.Sprint6.Task2.V8", "Tyuiu.MolodykhVY.Sprint6.Task2.V8\Tyuiu.MolodykhVY.Sprint6.Task2.V8.csproj", "{C31490B2-59AF-492D-82DF-3EFC0F7E324D}"
EndProject
Project("{FAE04EC0-301F-11D3-BF4B-00C04F79EFBC}") = "Tyuiu.MolodykhVY.Sprint6.Task2.V8.Lib", "Tyuiu.MolodykhVY.Sprint6.Task2.V8.Lib\Tyuiu.MolodykhVY.Sprint6.Task2.V8.Lib.csproj", "{F84AD1AB-9645-430F-AB96-7F52092782E7}"
EndProject
Project("{FAE04EC0-301F-11D3-BF4B-00C04F79EFBC}") = "Tyuiu.MolodykhVY.Sprint6.Task2.V8.Test", "Tyuiu.MolodykhVY.Sprint6.Task2.V8.Test\Tyuiu.MolodykhVY.Sprint6.Task2.V8.Test.csproj", "{27C77233-9BC2-4093-974A-2EF93D189368}"
EndProject
Project("{FAE04EC0-301F-11D3-BF4B-00C04F79EFBC}") = "Tyuiu.MolodykhVY.Sprint6.Task3.V20", "Tyuiu.MolodykhVY.Sprint6.Task3.V20\Tyuiu.MolodykhVY.Sprint6.Task3.V20.csproj", "{4CE4F3A9-A39C-4557-BC4B-115545EBC826}"
EndProject
Project("{FAE04EC0-301F-11D3-BF4B-00C04F79EFBC}") = "Tyuiu.MolodykhVY.Sprint6.Task3.V20.Lib", "Tyuiu.MolodykhVY.Sprint6.Task3.V20.Lib\Tyuiu.MolodykhVY.Sprint6.Task3.V20.Lib.csproj", "{FDAA9E35-6327-4AC6-802E-809C09E66E91}"
EndProject
Project("{FAE04EC0-301F-11D3-BF4B-00C04F79EFBC}") = "Tyuiu.MolodykhVY.Sprint6.Task3.V20.Test", "Tyuiu.MolodykhVY.Sprint6.Task3.V20.Test\Tyuiu.MolodykhVY.Sprint6.Task3.V20.Test.csproj", "{AC890A82-8CE0-44C4-97CF-3FC99B2885E5}"
EndProject
Project("{2150E333-8FDC-42A3-9474-1A3956D46DE8}") = "Task4", "Task4", "{6EAE077F-6F0D-4D42-9D47-58974614A073}"
EndProject
Project("{FAE04EC0-301F-11D3-BF4B-00C04F79EFBC}") = "Tyuiu.MolodykhVY.Sprint6.Task4.V20", "Tyuiu.MolodykhVY.Sprint6.Task4.V20\Tyuiu.MolodykhVY.Sprint6.Task4.V20.csproj", "{CF027D47-CFE4-4A2D-AECE-234E1F73B52F}"
EndProject
Project("{FAE04EC0-301F-11D3-BF4B-00C04F79EFBC}") = "Tyuiu.MolodykhVY.Sprint6.Task4.V20.Lib", "Tyuiu.MolodykhVY.Sprint6.Task4.V20.Lib\Tyuiu.MolodykhVY.Sprint6.Task4.V20.Lib.csproj", "{E5C8831C-A33E-4C40-A5B2-EEB6F269182F}"
EndProject
Project("{FAE04EC0-301F-11D3-BF4B-00C04F79EFBC}") = "Tyuiu.MolodykhVY.Sprint6.Task4.V20.Test", "Tyuiu.MolodykhVY.Sprint6.Task4.V20.Test\Tyuiu.MolodykhVY.Sprint6.Task4.V20.Test.csproj", "{E30E1EB9-0F85-4529-993C-4E855A345433}"
EndProject
Project("{2150E333-8FDC-42A3-9474-1A3956D46DE8}") = "Task5", "Task5", "{69A9C94B-25B6-4ABB-A77B-5AC966BEE2C5}"
EndProject
Project("{FAE04EC0-301F-11D3-BF4B-00C04F79EFBC}") = "Tyuiu.MolodykhVY.Sprint6.Task5.V5", "Tyuiu.MolodykhVY.Sprint6.Task5.V5\Tyuiu.MolodykhVY.Sprint6.Task5.V5.csproj", "{C5648418-23F6-4900-8639-8D8DD2ED9ECE}"
EndProject
Project("{FAE04EC0-301F-11D3-BF4B-00C04F79EFBC}") = "Tyuiu.MolodykhVY.Sprint6.Task5.V55", "Tyuiu.MolodykhVY.Sprint6.Task5.V55\Tyuiu.MolodykhVY.Sprint6.Task5.V55.csproj", "{EE48E5BC-E52B-4539-A35E-1CF751273EBC}"
EndProject
Project("{FAE04EC0-301F-11D3-BF4B-00C04F79EFBC}") = "Tyuiu.MolodykhVY.Sprint6.Task5.V5.Lib", "Tyuiu.MolodykhVY.Sprint6.Task5.V5.Lib\Tyuiu.MolodykhVY.Sprint6.Task5.V5.Lib.csproj", "{5D42253B-72E4-4D3A-827F-9FE53AF0A913}"
EndProject
Project("{2150E333-8FDC-42A3-9474-1A3956D46DE8}") = "Task6", "Task6", "{E50B812C-EB22-4B0C-A99A-DB7750669673}"
EndProject
Project("{FAE04EC0-301F-11D3-BF4B-00C04F79EFBC}") = "Tyuiu.MolodykhVY.Sprint6.Task6.V2", "Tyuiu.MolodykhVY.Sprint6.Task6.V2\Tyuiu.MolodykhVY.Sprint6.Task6.V2.csproj", "{3DFD7507-0F55-4F8D-A2E7-DB9F700FB707}"
EndProject
Project("{FAE04EC0-301F-11D3-BF4B-00C04F79EFBC}") = "Tyuiu.MolodykhVY.Sprint6.Task6.V2.Lib", "Tyuiu.MolodykhVY.Sprint6.Task6.V2.Lib\Tyuiu.MolodykhVY.Sprint6.Task6.V2.Lib.csproj", "{3C3862BF-96EE-4D8D-B5FD-DE30765B96A9}"
EndProject
Project("{FAE04EC0-301F-11D3-BF4B-00C04F79EFBC}") = "Tyuiu.MolodykhVY.Sprint6.Task6.V2.Test", "Tyuiu.MolodykhVY.Sprint6.Task6.V2.Test\Tyuiu.MolodykhVY.Sprint6.Task6.V2.Test.csproj", "{8B9D9504-AC49-4316-BE12-17C43E4DB1C7}"
EndProject
Project("{2150E333-8FDC-42A3-9474-1A3956D46DE8}") = "Task7", "Task7", "{66DAF7C3-76BE-4C83-B294-7E2D29796857}"
EndProject
Project("{FAE04EC0-301F-11D3-BF4B-00C04F79EFBC}") = "Tyuiu.MolodykhVY.Sprint6.Task7.V17", "Tyuiu.MolodykhVY.Sprint6.Task7.V17\Tyuiu.MolodykhVY.Sprint6.Task7.V17.csproj", "{A23CFB15-25C7-40CB-B917-F28F1108DDB4}"
EndProject
Project("{FAE04EC0-301F-11D3-BF4B-00C04F79EFBC}") = "Tyuiu.MolodykhVY.Sprint6.Task7.V17.Test", "Tyuiu.MolodykhVY.Sprint6.Task7.V17.Test\Tyuiu.MolodykhVY.Sprint6.Task7.V17.Test.csproj", "{AB6A1F06-FE04-48B6-81AA-EB49C5EC9F21}"
EndProject
Project("{FAE04EC0-301F-11D3-BF4B-00C04F79EFBC}") = "Tyuiu.MolodykhVY.Sprint6.Task7.V17.Lib", "Tyuiu.MolodykhVY.Sprint6.Task7.V17.Lib\Tyuiu.MolodykhVY.Sprint6.Task7.V17.Lib.csproj", "{CA53CCE5-4D6E-4C76-AB5D-50759F02D91A}"
EndProject
Global
	GlobalSection(SolutionConfigurationPlatforms) = preSolution
		Debug|Any CPU = Debug|Any CPU
		Release|Any CPU = Release|Any CPU
	EndGlobalSection
	GlobalSection(ProjectConfigurationPlatforms) = postSolution
		{C1B62693-66A6-4C81-B735-956B21010597}.Debug|Any CPU.ActiveCfg = Debug|Any CPU
		{C1B62693-66A6-4C81-B735-956B21010597}.Debug|Any CPU.Build.0 = Debug|Any CPU
		{C1B62693-66A6-4C81-B735-956B21010597}.Release|Any CPU.ActiveCfg = Release|Any CPU
		{C1B62693-66A6-4C81-B735-956B21010597}.Release|Any CPU.Build.0 = Release|Any CPU
		{673C4EE0-9C07-46C6-A6F2-176FC833F227}.Debug|Any CPU.ActiveCfg = Debug|Any CPU
		{673C4EE0-9C07-46C6-A6F2-176FC833F227}.Debug|Any CPU.Build.0 = Debug|Any CPU
		{673C4EE0-9C07-46C6-A6F2-176FC833F227}.Release|Any CPU.ActiveCfg = Release|Any CPU
		{673C4EE0-9C07-46C6-A6F2-176FC833F227}.Release|Any CPU.Build.0 = Release|Any CPU
		{6BB3C542-F0AF-4695-9FEA-3E5A0C9E337C}.Debug|Any CPU.ActiveCfg = Debug|Any CPU
		{6BB3C542-F0AF-4695-9FEA-3E5A0C9E337C}.Debug|Any CPU.Build.0 = Debug|Any CPU
		{6BB3C542-F0AF-4695-9FEA-3E5A0C9E337C}.Release|Any CPU.ActiveCfg = Release|Any CPU
		{6BB3C542-F0AF-4695-9FEA-3E5A0C9E337C}.Release|Any CPU.Build.0 = Release|Any CPU
		{EDA2BDEA-CEB8-4A01-83AC-1007B7CAB587}.Debug|Any CPU.ActiveCfg = Debug|Any CPU
		{EDA2BDEA-CEB8-4A01-83AC-1007B7CAB587}.Debug|Any CPU.Build.0 = Debug|Any CPU
		{EDA2BDEA-CEB8-4A01-83AC-1007B7CAB587}.Release|Any CPU.ActiveCfg = Release|Any CPU
		{EDA2BDEA-CEB8-4A01-83AC-1007B7CAB587}.Release|Any CPU.Build.0 = Release|Any CPU
		{66ABA6AF-310C-481A-ABF1-E32513BE4F34}.Debug|Any CPU.ActiveCfg = Debug|Any CPU
		{66ABA6AF-310C-481A-ABF1-E32513BE4F34}.Debug|Any CPU.Build.0 = Debug|Any CPU
		{66ABA6AF-310C-481A-ABF1-E32513BE4F34}.Release|Any CPU.ActiveCfg = Release|Any CPU
		{66ABA6AF-310C-481A-ABF1-E32513BE4F34}.Release|Any CPU.Build.0 = Release|Any CPU
		{AF7D01A6-05CA-434A-949A-D9AB0636DFBA}.Debug|Any CPU.ActiveCfg = Debug|Any CPU
		{AF7D01A6-05CA-434A-949A-D9AB0636DFBA}.Debug|Any CPU.Build.0 = Debug|Any CPU
		{AF7D01A6-05CA-434A-949A-D9AB0636DFBA}.Release|Any CPU.ActiveCfg = Release|Any CPU
		{AF7D01A6-05CA-434A-949A-D9AB0636DFBA}.Release|Any CPU.Build.0 = Release|Any CPU
		{C31490B2-59AF-492D-82DF-3EFC0F7E324D}.Debug|Any CPU.ActiveCfg = Debug|Any CPU
		{C31490B2-59AF-492D-82DF-3EFC0F7E324D}.Debug|Any CPU.Build.0 = Debug|Any CPU
		{C31490B2-59AF-492D-82DF-3EFC0F7E324D}.Release|Any CPU.ActiveCfg = Release|Any CPU
		{C31490B2-59AF-492D-82DF-3EFC0F7E324D}.Release|Any CPU.Build.0 = Release|Any CPU
		{F84AD1AB-9645-430F-AB96-7F52092782E7}.Debug|Any CPU.ActiveCfg = Debug|Any CPU
		{F84AD1AB-9645-430F-AB96-7F52092782E7}.Debug|Any CPU.Build.0 = Debug|Any CPU
		{F84AD1AB-9645-430F-AB96-7F52092782E7}.Release|Any CPU.ActiveCfg = Release|Any CPU
		{F84AD1AB-9645-430F-AB96-7F52092782E7}.Release|Any CPU.Build.0 = Release|Any CPU
		{27C77233-9BC2-4093-974A-2EF93D189368}.Debug|Any CPU.ActiveCfg = Debug|Any CPU
		{27C77233-9BC2-4093-974A-2EF93D189368}.Debug|Any CPU.Build.0 = Debug|Any CPU
		{27C77233-9BC2-4093-974A-2EF93D189368}.Release|Any CPU.ActiveCfg = Release|Any CPU
		{27C77233-9BC2-4093-974A-2EF93D189368}.Release|Any CPU.Build.0 = Release|Any CPU
		{4CE4F3A9-A39C-4557-BC4B-115545EBC826}.Debug|Any CPU.ActiveCfg = Debug|Any CPU
		{4CE4F3A9-A39C-4557-BC4B-115545EBC826}.Debug|Any CPU.Build.0 = Debug|Any CPU
		{4CE4F3A9-A39C-4557-BC4B-115545EBC826}.Release|Any CPU.ActiveCfg = Release|Any CPU
		{4CE4F3A9-A39C-4557-BC4B-115545EBC826}.Release|Any CPU.Build.0 = Release|Any CPU
		{FDAA9E35-6327-4AC6-802E-809C09E66E91}.Debug|Any CPU.ActiveCfg = Debug|Any CPU
		{FDAA9E35-6327-4AC6-802E-809C09E66E91}.Debug|Any CPU.Build.0 = Debug|Any CPU
		{FDAA9E35-6327-4AC6-802E-809C09E66E91}.Release|Any CPU.ActiveCfg = Release|Any CPU
		{FDAA9E35-6327-4AC6-802E-809C09E66E91}.Release|Any CPU.Build.0 = Release|Any CPU
		{AC890A82-8CE0-44C4-97CF-3FC99B2885E5}.Debug|Any CPU.ActiveCfg = Debug|Any CPU
		{AC890A82-8CE0-44C4-97CF-3FC99B2885E5}.Debug|Any CPU.Build.0 = Debug|Any CPU
		{AC890A82-8CE0-44C4-97CF-3FC99B2885E5}.Release|Any CPU.ActiveCfg = Release|Any CPU
		{AC890A82-8CE0-44C4-97CF-3FC99B2885E5}.Release|Any CPU.Build.0 = Release|Any CPU
		{CF027D47-CFE4-4A2D-AECE-234E1F73B52F}.Debug|Any CPU.ActiveCfg = Debug|Any CPU
		{CF027D47-CFE4-4A2D-AECE-234E1F73B52F}.Debug|Any CPU.Build.0 = Debug|Any CPU
		{CF027D47-CFE4-4A2D-AECE-234E1F73B52F}.Release|Any CPU.ActiveCfg = Release|Any CPU
		{CF027D47-CFE4-4A2D-AECE-234E1F73B52F}.Release|Any CPU.Build.0 = Release|Any CPU
		{E5C8831C-A33E-4C40-A5B2-EEB6F269182F}.Debug|Any CPU.ActiveCfg = Debug|Any CPU
		{E5C8831C-A33E-4C40-A5B2-EEB6F269182F}.Debug|Any CPU.Build.0 = Debug|Any CPU
		{E5C8831C-A33E-4C40-A5B2-EEB6F269182F}.Release|Any CPU.ActiveCfg = Release|Any CPU
		{E5C8831C-A33E-4C40-A5B2-EEB6F269182F}.Release|Any CPU.Build.0 = Release|Any CPU
		{E30E1EB9-0F85-4529-993C-4E855A345433}.Debug|Any CPU.ActiveCfg = Debug|Any CPU
		{E30E1EB9-0F85-4529-993C-4E855A345433}.Debug|Any CPU.Build.0 = Debug|Any CPU
		{E30E1EB9-0F85-4529-993C-4E855A345433}.Release|Any CPU.ActiveCfg = Release|Any CPU
		{E30E1EB9-0F85-4529-993C-4E855A345433}.Release|Any CPU.Build.0 = Release|Any CPU
		{C5648418-23F6-4900-8639-8D8DD2ED9ECE}.Debug|Any CPU.ActiveCfg = Debug|Any CPU
		{C5648418-23F6-4900-8639-8D8DD2ED9ECE}.Debug|Any CPU.Build.0 = Debug|Any CPU
		{C5648418-23F6-4900-8639-8D8DD2ED9ECE}.Release|Any CPU.ActiveCfg = Release|Any CPU
		{C5648418-23F6-4900-8639-8D8DD2ED9ECE}.Release|Any CPU.Build.0 = Release|Any CPU
		{EE48E5BC-E52B-4539-A35E-1CF751273EBC}.Debug|Any CPU.ActiveCfg = Debug|Any CPU
		{EE48E5BC-E52B-4539-A35E-1CF751273EBC}.Debug|Any CPU.Build.0 = Debug|Any CPU
		{EE48E5BC-E52B-4539-A35E-1CF751273EBC}.Release|Any CPU.ActiveCfg = Release|Any CPU
		{EE48E5BC-E52B-4539-A35E-1CF751273EBC}.Release|Any CPU.Build.0 = Release|Any CPU
		{5D42253B-72E4-4D3A-827F-9FE53AF0A913}.Debug|Any CPU.ActiveCfg = Debug|Any CPU
		{5D42253B-72E4-4D3A-827F-9FE53AF0A913}.Debug|Any CPU.Build.0 = Debug|Any CPU
		{5D42253B-72E4-4D3A-827F-9FE53AF0A913}.Release|Any CPU.ActiveCfg = Release|Any CPU
		{5D42253B-72E4-4D3A-827F-9FE53AF0A913}.Release|Any CPU.Build.0 = Release|Any CPU
		{3DFD7507-0F55-4F8D-A2E7-DB9F700FB707}.Debug|Any CPU.ActiveCfg = Debug|Any CPU
		{3DFD7507-0F55-4F8D-A2E7-DB9F700FB707}.Debug|Any CPU.Build.0 = Debug|Any CPU
		{3DFD7507-0F55-4F8D-A2E7-DB9F700FB707}.Release|Any CPU.ActiveCfg = Release|Any CPU
		{3DFD7507-0F55-4F8D-A2E7-DB9F700FB707}.Release|Any CPU.Build.0 = Release|Any CPU
		{3C3862BF-96EE-4D8D-B5FD-DE30765B96A9}.Debug|Any CPU.ActiveCfg = Debug|Any CPU
		{3C3862BF-96EE-4D8D-B5FD-DE30765B96A9}.Debug|Any CPU.Build.0 = Debug|Any CPU
		{3C3862BF-96EE-4D8D-B5FD-DE30765B96A9}.Release|Any CPU.ActiveCfg = Release|Any CPU
		{3C3862BF-96EE-4D8D-B5FD-DE30765B96A9}.Release|Any CPU.Build.0 = Release|Any CPU
		{8B9D9504-AC49-4316-BE12-17C43E4DB1C7}.Debug|Any CPU.ActiveCfg = Debug|Any CPU
		{8B9D9504-AC49-4316-BE12-17C43E4DB1C7}.Debug|Any CPU.Build.0 = Debug|Any CPU
		{8B9D9504-AC49-4316-BE12-17C43E4DB1C7}.Release|Any CPU.ActiveCfg = Release|Any CPU
		{8B9D9504-AC49-4316-BE12-17C43E4DB1C7}.Release|Any CPU.Build.0 = Release|Any CPU
		{A23CFB15-25C7-40CB-B917-F28F1108DDB4}.Debug|Any CPU.ActiveCfg = Debug|Any CPU
		{A23CFB15-25C7-40CB-B917-F28F1108DDB4}.Debug|Any CPU.Build.0 = Debug|Any CPU
		{A23CFB15-25C7-40CB-B917-F28F1108DDB4}.Release|Any CPU.ActiveCfg = Release|Any CPU
		{A23CFB15-25C7-40CB-B917-F28F1108DDB4}.Release|Any CPU.Build.0 = Release|Any CPU
		{AB6A1F06-FE04-48B6-81AA-EB49C5EC9F21}.Debug|Any CPU.ActiveCfg = Debug|Any CPU
		{AB6A1F06-FE04-48B6-81AA-EB49C5EC9F21}.Debug|Any CPU.Build.0 = Debug|Any CPU
		{AB6A1F06-FE04-48B6-81AA-EB49C5EC9F21}.Release|Any CPU.ActiveCfg = Release|Any CPU
		{AB6A1F06-FE04-48B6-81AA-EB49C5EC9F21}.Release|Any CPU.Build.0 = Release|Any CPU
		{CA53CCE5-4D6E-4C76-AB5D-50759F02D91A}.Debug|Any CPU.ActiveCfg = Debug|Any CPU
		{CA53CCE5-4D6E-4C76-AB5D-50759F02D91A}.Debug|Any CPU.Build.0 = Debug|Any CPU
		{CA53CCE5-4D6E-4C76-AB5D-50759F02D91A}.Release|Any CPU.ActiveCfg = Release|Any CPU
		{CA53CCE5-4D6E-4C76-AB5D-50759F02D91A}.Release|Any CPU.Build.0 = Release|Any CPU
	EndGlobalSection
	GlobalSection(SolutionProperties) = preSolution
		HideSolutionNode = FALSE
	EndGlobalSection
	GlobalSection(NestedProjects) = preSolution
		{C1B62693-66A6-4C81-B735-956B21010597} = {C3B70DD3-4FCF-43CA-AA88-52A53169E1B9}
		{673C4EE0-9C07-46C6-A6F2-176FC833F227} = {C3B70DD3-4FCF-43CA-AA88-52A53169E1B9}
		{6BB3C542-F0AF-4695-9FEA-3E5A0C9E337C} = {C3B70DD3-4FCF-43CA-AA88-52A53169E1B9}
		{EDA2BDEA-CEB8-4A01-83AC-1007B7CAB587} = {7D4EAD26-1717-432C-B333-64F3A3DA8BE8}
		{66ABA6AF-310C-481A-ABF1-E32513BE4F34} = {7D4EAD26-1717-432C-B333-64F3A3DA8BE8}
		{AF7D01A6-05CA-434A-949A-D9AB0636DFBA} = {7D4EAD26-1717-432C-B333-64F3A3DA8BE8}
		{C31490B2-59AF-492D-82DF-3EFC0F7E324D} = {0E8340A1-4109-4CEC-8B43-47B13632FCD7}
		{F84AD1AB-9645-430F-AB96-7F52092782E7} = {0E8340A1-4109-4CEC-8B43-47B13632FCD7}
		{27C77233-9BC2-4093-974A-2EF93D189368} = {0E8340A1-4109-4CEC-8B43-47B13632FCD7}
		{4CE4F3A9-A39C-4557-BC4B-115545EBC826} = {19666E77-15E8-48AE-A30A-004E4CAD2146}
		{FDAA9E35-6327-4AC6-802E-809C09E66E91} = {19666E77-15E8-48AE-A30A-004E4CAD2146}
		{AC890A82-8CE0-44C4-97CF-3FC99B2885E5} = {19666E77-15E8-48AE-A30A-004E4CAD2146}
		{CF027D47-CFE4-4A2D-AECE-234E1F73B52F} = {6EAE077F-6F0D-4D42-9D47-58974614A073}
		{E5C8831C-A33E-4C40-A5B2-EEB6F269182F} = {6EAE077F-6F0D-4D42-9D47-58974614A073}
		{E30E1EB9-0F85-4529-993C-4E855A345433} = {6EAE077F-6F0D-4D42-9D47-58974614A073}
		{C5648418-23F6-4900-8639-8D8DD2ED9ECE} = {69A9C94B-25B6-4ABB-A77B-5AC966BEE2C5}
		{EE48E5BC-E52B-4539-A35E-1CF751273EBC} = {69A9C94B-25B6-4ABB-A77B-5AC966BEE2C5}
		{5D42253B-72E4-4D3A-827F-9FE53AF0A913} = {69A9C94B-25B6-4ABB-A77B-5AC966BEE2C5}
		{3DFD7507-0F55-4F8D-A2E7-DB9F700FB707} = {E50B812C-EB22-4B0C-A99A-DB7750669673}
		{3C3862BF-96EE-4D8D-B5FD-DE30765B96A9} = {E50B812C-EB22-4B0C-A99A-DB7750669673}
		{8B9D9504-AC49-4316-BE12-17C43E4DB1C7} = {E50B812C-EB22-4B0C-A99A-DB7750669673}
		{A23CFB15-25C7-40CB-B917-F28F1108DDB4} = {66DAF7C3-76BE-4C83-B294-7E2D29796857}
		{AB6A1F06-FE04-48B6-81AA-EB49C5EC9F21} = {66DAF7C3-76BE-4C83-B294-7E2D29796857}
		{CA53CCE5-4D6E-4C76-AB5D-50759F02D91A} = {66DAF7C3-76BE-4C83-B294-7E2D29796857}
	EndGlobalSection
	GlobalSection(ExtensibilityGlobals) = postSolution
		SolutionGuid = {E95CE088-4AC5-423F-B06C-85410217390B}
	EndGlobalSection
EndGlobal
